
Microsoft Visual Studio Solution File, Format Version 12.00
# Visual Studio Version 17
VisualStudioVersion = 17.9.34616.47
MinimumVisualStudioVersion = 10.0.40219.1
Project("{FAE04EC0-301F-11D3-BF4B-00C04F79EFBC}") = "ListOpdracht", "ListOpdracht.csproj", "{010A644F-E0A5-46FE-858D-2CF3B235C87B}"
EndProject
Global
	GlobalSection(SolutionConfigurationPlatforms) = preSolution
		Debug|Any CPU = Debug|Any CPU
		Release|Any CPU = Release|Any CPU
	EndGlobalSection
	GlobalSection(ProjectConfigurationPlatforms) = postSolution
		{010A644F-E0A5-46FE-858D-2CF3B235C87B}.Debug|Any CPU.ActiveCfg = Debug|Any CPU
		{010A644F-E0A5-46FE-858D-2CF3B235C87B}.Debug|Any CPU.Build.0 = Debug|Any CPU
		{010A644F-E0A5-46FE-858D-2CF3B235C87B}.Release|Any CPU.ActiveCfg = Release|Any CPU
		{010A644F-E0A5-46FE-858D-2CF3B235C87B}.Release|Any CPU.Build.0 = Release|Any CPU
	EndGlobalSection
	GlobalSection(SolutionProperties) = preSolution
		HideSolutionNode = FALSE
	EndGlobalSection
	GlobalSection(ExtensibilityGlobals) = postSolution
		SolutionGuid = {40DBB7D3-1782-4EE3-AF9B-161A8D15A8CB}
	EndGlobalSection
EndGlobal
